
Microsoft Visual Studio Solution File, Format Version 12.00
Project("{FAE04EC0-301F-11D3-BF4B-00C04F79EFBC}") = "Vectra.CLI", "Vectra.CLI\Vectra.CLI.csproj", "{AECD81A0-20BB-4AB3-8DF6-1DB0F92E867F}"
EndProject
Global
	GlobalSection(SolutionConfigurationPlatforms) = preSolution
		Debug|Any CPU = Debug|Any CPU
		Release|Any CPU = Release|Any CPU
	EndGlobalSection
	GlobalSection(ProjectConfigurationPlatforms) = postSolution
		{AECD81A0-20BB-4AB3-8DF6-1DB0F92E867F}.Debug|Any CPU.ActiveCfg = Debug|Any CPU
		{AECD81A0-20BB-4AB3-8DF6-1DB0F92E867F}.Debug|Any CPU.Build.0 = Debug|Any CPU
		{AECD81A0-20BB-4AB3-8DF6-1DB0F92E867F}.Release|Any CPU.ActiveCfg = Release|Any CPU
		{AECD81A0-20BB-4AB3-8DF6-1DB0F92E867F}.Release|Any CPU.Build.0 = Release|Any CPU
	EndGlobalSection
EndGlobal
